<?xml version="1.0" encoding="utf-8"?>
<Project ToolsVersion="4.0" xmlns="http://schemas.microsoft.com/developer/msbuild/2003">
  <ItemGroup>
    <Filter Include="KamataEngine">
      <UniqueIdentifier>{4FC737F1-C7A5-4376-A066-2A32D752A2FF}</UniqueIdentifier>
      <Extensions>cpp;c;cc;cxx;c++;cppm;ixx;def;odl;idl;hpj;bat;asm;asmx</Extensions>
    </Filter>
    <Filter Include="KamataEngine\Source">
      <UniqueIdentifier>{d966e9f8-e880-44ae-8586-a08515e4cffc}</UniqueIdentifier>
    </Filter>
    <Filter Include="KamataEngine\Include">
      <UniqueIdentifier>{4aae4e40-94f7-4d32-9a91-c0c37a2edf0d}</UniqueIdentifier>
    </Filter>
    <Filter Include="KamataEngine\Adapter">
      <UniqueIdentifier>{c6468eb4-788b-4a83-b207-a5f4804e56c5}</UniqueIdentifier>
    </Filter>
    <Filter Include="Base">
      <UniqueIdentifier>{7b876d30-2982-4565-8a70-ae120e960314}</UniqueIdentifier>
    </Filter>
    <Filter Include="PlayScene">
      <UniqueIdentifier>{267ef72a-3ec4-4328-8816-a45eb9ad2d37}</UniqueIdentifier>
    </Filter>
    <Filter Include="PlayScene\Source">
      <UniqueIdentifier>{46514e02-b7df-47ae-bd8b-9d520e12ae51}</UniqueIdentifier>
    </Filter>
    <Filter Include="PlayScene\Include">
      <UniqueIdentifier>{afdc57c1-44fd-48b6-b2ea-28a0ae104fb1}</UniqueIdentifier>
    </Filter>
    <Filter Include="Base\Include">
      <UniqueIdentifier>{50ff3068-5bee-4f90-bbee-1f916ca130ad}</UniqueIdentifier>
    </Filter>
    <Filter Include="Base\Source">
      <UniqueIdentifier>{a59e7cab-90a7-436b-b317-9591a9d6a5e4}</UniqueIdentifier>
    </Filter>
    <Filter Include="Global">
      <UniqueIdentifier>{b9c2e244-c03a-47c3-a659-c3b72f9a8c8b}</UniqueIdentifier>
    </Filter>
    <Filter Include="Global\Include">
      <UniqueIdentifier>{e208f445-66f9-4e3e-9523-458ec572c5ce}</UniqueIdentifier>
    </Filter>
    <Filter Include="Global\Source">
      <UniqueIdentifier>{54bd7af8-9ce8-46c8-b522-804fc3dc7e5b}</UniqueIdentifier>
    </Filter>
  </ItemGroup>
  <ItemGroup>
    <ClCompile Include="main.cpp" />
    <ClCompile Include="C:\KamataEngine\Adapter\Novice.cpp">
      <Filter>KamataEngine\Adapter</Filter>
    </ClCompile>
    <ClCompile Include="PlayScene.cpp">
      <Filter>PlayScene\Source</Filter>
    </ClCompile>
    <ClCompile Include="Player.cpp">
      <Filter>PlayScene\Source</Filter>
    </ClCompile>
    <ClCompile Include="Bullet.cpp">
      <Filter>PlayScene\Source</Filter>
    </ClCompile>
    <ClCompile Include="Camera.cpp">
      <Filter>Base\Source</Filter>
    </ClCompile>
    <ClCompile Include="Material.cpp">
      <Filter>Base\Source</Filter>
    </ClCompile>
    <ClCompile Include="Object.cpp">
      <Filter>Base\Source</Filter>
    </ClCompile>
    <ClCompile Include="Useful.cpp">
      <Filter>Base\Source</Filter>
    </ClCompile>
    <ClCompile Include="Vector.cpp">
      <Filter>Base\Source</Filter>
    </ClCompile>
    <ClCompile Include="GameManager.cpp">
      <Filter>Global\Source</Filter>
    </ClCompile>
    <ClCompile Include="Enemy.cpp">
      <Filter>PlayScene\Source</Filter>
    </ClCompile>
    <ClCompile Include="Collition.cpp">
      <Filter>KamataEngine</Filter>
    </ClCompile>
  </ItemGroup>
  <ItemGroup>
    <ClInclude Include="C:\KamataEngine\DirectXGame\audio\Audio.h">
      <Filter>KamataEngine\Include</Filter>
    </ClInclude>
    <ClInclude Include="C:\KamataEngine\DirectXGame\2d\DebugText.h">
      <Filter>KamataEngine\Include</Filter>
    </ClInclude>
    <ClInclude Include="C:\KamataEngine\DirectXGame\base\DirectXCommon.h">
      <Filter>KamataEngine\Include</Filter>
    </ClInclude>
    <ClInclude Include="C:\KamataEngine\DirectXGame\scene\GameScene.h">
      <Filter>KamataEngine\Include</Filter>
    </ClInclude>
    <ClInclude Include="C:\KamataEngine\DirectXGame\input\Input.h">
      <Filter>KamataEngine\Include</Filter>
    </ClInclude>
    <ClInclude Include="C:\KamataEngine\DirectXGame\3d\Model.h">
      <Filter>KamataEngine\Include</Filter>
    </ClInclude>
    <ClInclude Include="C:\KamataEngine\DirectXGame\base\SafeDelete.h">
      <Filter>KamataEngine\Include</Filter>
    </ClInclude>
    <ClInclude Include="C:\KamataEngine\DirectXGame\2d\Sprite.h">
      <Filter>KamataEngine\Include</Filter>
    </ClInclude>
    <ClInclude Include="C:\KamataEngine\DirectXGame\base\TextureManager.h">
      <Filter>KamataEngine\Include</Filter>
    </ClInclude>
    <ClInclude Include="C:\KamataEngine\DirectXGame\base\WinApp.h">
      <Filter>KamataEngine\Include</Filter>
    </ClInclude>
    <ClInclude Include="C:\KamataEngine\DirectXGame\3d\WorldTransform.h">
      <Filter>KamataEngine\Include</Filter>
    </ClInclude>
    <ClInclude Include="C:\KamataEngine\Adapter\Novice.h">
      <Filter>KamataEngine\Adapter</Filter>
    </ClInclude>
    <ClInclude Include="C:\KamataEngine\DirectXGame\3d\CircleShadow.h">
      <Filter>KamataEngine\Include</Filter>
    </ClInclude>
    <ClInclude Include="C:\KamataEngine\DirectXGame\3d\DebugCamera.h">
      <Filter>KamataEngine\Include</Filter>
    </ClInclude>
    <ClInclude Include="C:\KamataEngine\DirectXGame\3d\DirectionalLight.h">
      <Filter>KamataEngine\Include</Filter>
    </ClInclude>
    <ClInclude Include="C:\KamataEngine\DirectXGame\3d\LightGroup.h">
      <Filter>KamataEngine\Include</Filter>
    </ClInclude>
    <ClInclude Include="C:\KamataEngine\DirectXGame\3d\Material.h">
      <Filter>KamataEngine\Include</Filter>
    </ClInclude>
    <ClInclude Include="C:\KamataEngine\DirectXGame\3d\Mesh.h">
      <Filter>KamataEngine\Include</Filter>
    </ClInclude>
    <ClInclude Include="C:\KamataEngine\DirectXGame\3d\PointLight.h">
      <Filter>KamataEngine\Include</Filter>
    </ClInclude>
    <ClInclude Include="C:\KamataEngine\DirectXGame\3d\SpotLight.h">
      <Filter>KamataEngine\Include</Filter>
    </ClInclude>
    <ClInclude Include="C:\KamataEngine\DirectXGame\base\StringUtility.h">
      <Filter>KamataEngine\Include</Filter>
    </ClInclude>
    <ClInclude Include="..\DirectXGame\3d\Camera.h">
      <Filter>KamataEngine\Include</Filter>
    </ClInclude>
    <ClInclude Include="C:\KamataEngine\DirectXGame\math\Matrix4x4.h">
      <Filter>KamataEngine\Include</Filter>
    </ClInclude>
    <ClInclude Include="C:\KamataEngine\DirectXGame\math\Vector2.h">
      <Filter>KamataEngine\Include</Filter>
    </ClInclude>
    <ClInclude Include="C:\KamataEngine\DirectXGame\math\Vector3.h">
      <Filter>KamataEngine\Include</Filter>
    </ClInclude>
    <ClInclude Include="C:\KamataEngine\DirectXGame\math\Vector4.h">
      <Filter>KamataEngine\Include</Filter>
    </ClInclude>
    <ClInclude Include="C:\KamataEngine\DirectXGame\2d\ImGuiManager.h">
      <Filter>KamataEngine\Include</Filter>
    </ClInclude>
    <ClInclude Include="PlayScene.h">
      <Filter>PlayScene\Include</Filter>
    </ClInclude>
    <ClInclude Include="Player.h">
      <Filter>PlayScene\Include</Filter>
    </ClInclude>
    <ClInclude Include="Camera.h">
      <Filter>Base\Include</Filter>
    </ClInclude>
    <ClInclude Include="Material.h">
      <Filter>Base\Include</Filter>
    </ClInclude>
    <ClInclude Include="Object.h">
      <Filter>Base\Include</Filter>
    </ClInclude>
    <ClInclude Include="Useful.h">
      <Filter>Base\Include</Filter>
    </ClInclude>
    <ClInclude Include="Vector.h">
      <Filter>Base\Include</Filter>
    </ClInclude>
    <ClInclude Include="GameManager.h">
      <Filter>Global\Include</Filter>
    </ClInclude>
    <ClInclude Include="Bullet.h">
      <Filter>PlayScene\Include</Filter>
    </ClInclude>
    <ClInclude Include="Enemy.h">
      <Filter>PlayScene\Include</Filter>
    </ClInclude>
    <ClInclude Include="Collition.h" />
  </ItemGroup>
</Project>